
Microsoft Visual Studio Solution File, Format Version 12.00
# Visual Studio Version 16
VisualStudioVersion = 16.0.29911.84
MinimumVisualStudioVersion = 10.0.40219.1
Project("{FAE04EC0-301F-11D3-BF4B-00C04F79EFBC}") = "orchestra", "orchestra.csproj", "{DEF10149-151E-44FA-85A8-AEC6C3436D5E}"
EndProject
Global
	GlobalSection(SolutionConfigurationPlatforms) = preSolution
		Debug|Any CPU = Debug|Any CPU
		Release|Any CPU = Release|Any CPU
	EndGlobalSection
	GlobalSection(ProjectConfigurationPlatforms) = postSolution
		{DEF10149-151E-44FA-85A8-AEC6C3436D5E}.Debug|Any CPU.ActiveCfg = Debug|Any CPU
		{DEF10149-151E-44FA-85A8-AEC6C3436D5E}.Debug|Any CPU.Build.0 = Debug|Any CPU
		{DEF10149-151E-44FA-85A8-AEC6C3436D5E}.Release|Any CPU.ActiveCfg = Release|Any CPU
		{DEF10149-151E-44FA-85A8-AEC6C3436D5E}.Release|Any CPU.Build.0 = Release|Any CPU
	EndGlobalSection
	GlobalSection(SolutionProperties) = preSolution
		HideSolutionNode = FALSE
	EndGlobalSection
	GlobalSection(ExtensibilityGlobals) = postSolution
		SolutionGuid = {4A2D87AE-2771-44DE-98CB-21349A1CAB0F}
	EndGlobalSection
EndGlobal
